{
  "name": "cursor-api",
  "version": "20260828.4",
  "lockfileVersion": 3,
  "requires": true,
  "packages": {
    "": {
      "name": "cursor-api",
      "version": "20260828.4",
      "license": "MIT",
      "dependencies": {
        "@cursor/sdk": "1.0.30"
      },
      "devDependencies": {
        "@types/node": "22.18.12",
        "typescript": "5.9.2"
      },
      "engines": {
        "node": ">=22.13.0"
      }
    },
    "node_modules/@bufbuild/protobuf": {
      "version": "1.10.0",
      "resolved": "https://registry.npmjs.org/@bufbuild/protobuf/-/protobuf-1.10.0.tgz",
      "integrity": "sha512-QDdVFLoN93Zjg36NoQPZfsVH9tZew7wKDKyV5qRdj8ntT4wQCOradQjRaTdwMhWUYsgKsvCINKKm87FdEk96Ag==",
      "license": "(Apache-2.0 AND BSD-3-Clause)"
    },
    "node_modules/@connectrpc/connect": {
      "version": "1.7.0",
      "resolved": "https://registry.npmjs.org/@connectrpc/connect/-/connect-1.7.0.tgz",
      "integrity": "sha512-iNKdJRi69YP3mq6AePRT8F/HrxWCewrhxnLMNm0vpqXAR8biwzRtO6Hjx80C6UvtKJ5sFmffQT7I4Baecz389w==",
      "license": "Apache-2.0",
      "peerDependencies": {
        "@bufbuild/protobuf": "^1.10.0"
      }
    },
    "node_modules/@connectrpc/connect-node": {
      "version": "1.7.0",
      "resolved": "https://registry.npmjs.org/@connectrpc/connect-node/-/connect-node-1.7.0.tgz",
      "integrity": "sha512-6vaPIkG/NyhxlYgytLoR9KYbPhczEboFB2OYWkA9qvUz1K7efXfeGrlRxoLtpa+r8VxyIOw73w5ktNe743nD+A==",
      "license": "Apache-2.0",
      "dependencies": {
        "undici": "^5.28.4"
      },
      "engines": {
        "node": ">=16.0.0"
      },
      "peerDependencies": {
        "@bufbuild/protobuf": "^1.10.0",
        "@connectrpc/connect": "1.7.0"
      }
    },
    "node_modules/@connectrpc/connect-web": {
      "version": "1.7.0",
      "resolved": "https://registry.npmjs.org/@connectrpc/connect-web/-/connect-web-1.7.0.tgz",
      "integrity": "sha512-qyP0YOnUPRWwCc/VfsoydMJvkb7EyUPr2q9sHgBuJzbADjiqck1gKH5V5ZPzPhTLBvmz5UvG+wiZ5sMRQHU1MQ==",
      "license": "Apache-2.0",
      "peerDependencies": {
        "@bufbuild/protobuf": "^1.10.0",
        "@connectrpc/connect": "1.7.0"
      }
    },
    "node_modules/@cursor/sdk": {
      "version": "1.0.30",
      "resolved": "https://registry.npmjs.org/@cursor/sdk/-/sdk-1.0.30.tgz",
      "integrity": "sha512-s3gIXfTD3w8ys+KFE81JjjoiJcynkHsf/JCDyXrnbliIac3dkT59hwYZII3XhsT1DlXIfqg+YzSMru6w1CkZow==",
      "license": "SEE LICENSE IN LICENSE.md",
      "dependencies": {
        "@bufbuild/protobuf": "1.10.0",
        "@connectrpc/connect": "^1.6.1",
        "@connectrpc/connect-node": "^1.6.1",
        "@connectrpc/connect-web": "^1.6.1",
        "@statsig/js-client": "3.31.0",
        "zod": "^3.25.0"
      },
      "engines": {
        "node": ">=22.13"
      },
      "optionalDependencies": {
        "@cursor/sdk-darwin-arm64": "1.0.30",
        "@cursor/sdk-darwin-x64": "1.0.30",
        "@cursor/sdk-linux-arm64": "1.0.30",
        "@cursor/sdk-linux-x64": "1.0.30",
        "@cursor/sdk-win32-x64": "1.0.30"
      }
    },
    "node_modules/@cursor/sdk-darwin-arm64": {
      "version": "1.0.30",
      "resolved": "https://registry.npmjs.org/@cursor/sdk-darwin-arm64/-/sdk-darwin-arm64-1.0.30.tgz",
      "integrity": "sha512-O0w2fLd6jxrvAUOJGsKBs8VSi5OojqqEOMFBzHTHS82wU/DX3ZlizK3czzCXxDKs3l8j/BVQwVCxP9jMFcf41Q==",
      "cpu": [
        "arm64"
      ],
      "license": "SEE LICENSE IN LICENSE.md",
      "optional": true,
      "os": [
        "darwin"
      ],
      "bin": {
        "rg": "bin/rg"
      }
    },
    "node_modules/@cursor/sdk-darwin-x64": {
      "version": "1.0.30",
      "resolved": "https://registry.npmjs.org/@cursor/sdk-darwin-x64/-/sdk-darwin-x64-1.0.30.tgz",
      "integrity": "sha512-TdjreV7V6gtSKbUaXDarfE1735PES6uzLgLxp42E5kT6EXpjQhKsifdsYOMdsO/RBw166kya/XxG24L/FUfEHA==",
      "cpu": [
        "x64"
      ],
      "license": "SEE LICENSE IN LICENSE.md",
      "optional": true,
      "os": [
        "darwin"
      ],
      "bin": {
        "rg": "bin/rg"
      }
    },
    "node_modules/@cursor/sdk-linux-arm64": {
      "version": "1.0.30",
      "resolved": "https://registry.npmjs.org/@cursor/sdk-linux-arm64/-/sdk-linux-arm64-1.0.30.tgz",
      "integrity": "sha512-1+bsmri6vJ2YuqL/SQ6QSx/ymu2eBzjGgT1bTgN47tCzxDgNOKacXtghpx4zdHM5AmOtT+aLXVVxXjStXmNtcA==",
      "cpu": [
        "arm64"
      ],
      "license": "SEE LICENSE IN LICENSE.md",
      "optional": true,
      "os": [
        "linux"
      ],
      "bin": {
        "rg": "bin/rg"
      }
    },
    "node_modules/@cursor/sdk-linux-x64": {
      "version": "1.0.30",
      "resolved": "https://registry.npmjs.org/@cursor/sdk-linux-x64/-/sdk-linux-x64-1.0.30.tgz",
      "integrity": "sha512-5TRAM1xNwVr0Lox2ay5U5h+VY1OeqJLgnS28da7mx+ZkmeAU+hzuUFq2/lcIqoJrp2qBRdUH5WzI44JNtjBKmg==",
      "cpu": [
        "x64"
      ],
      "license": "SEE LICENSE IN LICENSE.md",
      "optional": true,
      "os": [
        "linux"
      ],
      "bin": {
        "rg": "bin/rg"
      }
    },
    "node_modules/@cursor/sdk-win32-x64": {
      "version": "1.0.30",
      "resolved": "https://registry.npmjs.org/@cursor/sdk-win32-x64/-/sdk-win32-x64-1.0.30.tgz",
      "integrity": "sha512-kVjpWmLTFLL131TQm3ytz1HbAeyjBRAHMtr6vyLtbBMuLBb0la5igvt58Xi8mXwekymWXim1+rZj7ZYUO3K1rw==",
      "cpu": [
        "x64"
      ],
      "license": "SEE LICENSE IN LICENSE.md",
      "optional": true,
      "os": [
        "win32"
      ],
      "bin": {
        "rg": "bin/rg.exe"
      }
    },
    "node_modules/@fastify/busboy": {
      "version": "2.1.1",
      "resolved": "https://registry.npmjs.org/@fastify/busboy/-/busboy-2.1.1.tgz",
      "integrity": "sha512-vBZP4NlzfOlerQTnba4aqZoMhE/a9HY7HRqoOPaETQcSQuWEIyZMHGfVu6w9wGtGK5fED5qRs2DteVCjOH60sA==",
      "license": "MIT",
      "engines": {
        "node": ">=14"
      }
    },
    "node_modules/@statsig/client-core": {
      "version": "3.31.0",
      "resolved": "https://registry.npmjs.org/@statsig/client-core/-/client-core-3.31.0.tgz",
      "integrity": "sha512-SuxQD6TmVszPG7FoMKwTk/uyBuVFk7XnxI3T/E0uyb7PL7GNjONtfsoh+NqBBVUJVse0CUeSFfgJPoZy1ZOslQ==",
      "license": "ISC"
    },
    "node_modules/@statsig/js-client": {
      "version": "3.31.0",
      "resolved": "https://registry.npmjs.org/@statsig/js-client/-/js-client-3.31.0.tgz",
      "integrity": "sha512-LFa5E0LjT6sTfZv3sNGoyRLSZ1078+agdgOA+Vm1ecjG+KbSOfBLTW7hMwimrJ29slRwbYDzbtKaPJo/R37N2g==",
      "license": "ISC",
      "dependencies": {
        "@statsig/client-core": "3.31.0"
      }
    },
    "node_modules/@types/node": {
      "version": "22.18.12",
      "resolved": "https://registry.npmjs.org/@types/node/-/node-22.18.12.tgz",
      "integrity": "sha512-BICHQ67iqxQGFSzfCFTT7MRQ5XcBjG5aeKh5Ok38UBbPe5fxTyE+aHFxwVrGyr8GNlqFMLKD1D3P2K/1ks8tog==",
      "dev": true,
      "license": "MIT",
      "dependencies": {
        "undici-types": "~6.21.0"
      }
    },
    "node_modules/typescript": {
      "version": "5.9.2",
      "resolved": "https://registry.npmjs.org/typescript/-/typescript-5.9.2.tgz",
      "integrity": "sha512-CWBzXQrc/qOkhidw1OzBTQuYRbfyxDXJMVJ1XNwUHGROVmuaeiEm3OslpZ1RV96d7SKKjZKrSJu3+t/xlw3R9A==",
      "dev": true,
      "license": "Apache-2.0",
      "bin": {
        "tsc": "bin/tsc",
        "tsserver": "bin/tsserver"
      },
      "engines": {
        "node": ">=14.17"
      }
    },
    "node_modules/undici": {
      "version": "5.29.0",
      "resolved": "https://registry.npmjs.org/undici/-/undici-5.29.0.tgz",
      "integrity": "sha512-raqeBD6NQK4SkWhQzeYKd1KmIG6dllBOTt55Rmkt4HtI9mwdWtJljnrXjAFUBLTSN67HWrOIZ3EPF4kjUw80Bg==",
      "license": "MIT",
      "dependencies": {
        "@fastify/busboy": "^2.0.0"
      },
      "engines": {
        "node": ">=14.0"
      }
    },
    "node_modules/undici-types": {
      "version": "6.21.0",
      "resolved": "https://registry.npmjs.org/undici-types/-/undici-types-6.21.0.tgz",
      "integrity": "sha512-iwDZqg0QAGrg9Rav5H4n0M64c3mkR59cJ6wQp+7C4nI0gsmExaedaYLNO44eT4AtBBwjbTiGPMlt2Md0T9H9JQ==",
      "dev": true,
      "license": "MIT"
    },
    "node_modules/zod": {
      "version": "3.25.76",
      "resolved": "https://registry.npmjs.org/zod/-/zod-3.25.76.tgz",
      "integrity": "sha512-gzUt/qt81nXsFGKIFcC3YnfEAx5NkunCfnDlvuBSSFS02bcXu4Lmea0AFIUwbLWxWPx3d9p8S5QoaujKcNQxcQ==",
      "license": "MIT",
      "funding": {
        "url": "https://github.com/sponsors/colinhacks"
      }
    }
  }
}
